Microsoft Visual Studio Solution File, Format Version 11.00
# Visual Studio 2008

Project("{11B74573-CBC0-8FA9-4B13-A95ADDFDB561}") = "MoCapApps", "Assembly-CSharp-firstpass.csproj", "{D281F54A-AED9-3079-9BD3-D4D9B182089E}"
EndProject
Project("{11B74573-CBC0-8FA9-4B13-A95ADDFDB561}") = "MoCapApps", "Assembly-CSharp.csproj", "{2CD0F888-2385-E22D-6D13-C8C9654DCE33}"
EndProject
Global
	GlobalSection(SolutionConfigurationPlatforms) = preSolution
		Debug|Any CPU = Debug|Any CPU
		Release|Any CPU = Release|Any CPU
	EndGlobalSection
	GlobalSection(ProjectConfigurationPlatforms) = postSolution
		{D281F54A-AED9-3079-9BD3-D4D9B182089E}.Debug|Any CPU.ActiveCfg = Debug|Any CPU
		{D281F54A-AED9-3079-9BD3-D4D9B182089E}.Debug|Any CPU.Build.0 = Debug|Any CPU
		{D281F54A-AED9-3079-9BD3-D4D9B182089E}.Release|Any CPU.ActiveCfg = Release|Any CPU
		{D281F54A-AED9-3079-9BD3-D4D9B182089E}.Release|Any CPU.Build.0 = Release|Any CPU
		{2CD0F888-2385-E22D-6D13-C8C9654DCE33}.Debug|Any CPU.ActiveCfg = Debug|Any CPU
		{2CD0F888-2385-E22D-6D13-C8C9654DCE33}.Debug|Any CPU.Build.0 = Debug|Any CPU
		{2CD0F888-2385-E22D-6D13-C8C9654DCE33}.Release|Any CPU.ActiveCfg = Release|Any CPU
		{2CD0F888-2385-E22D-6D13-C8C9654DCE33}.Release|Any CPU.Build.0 = Release|Any CPU
	EndGlobalSection
	GlobalSection(SolutionProperties) = preSolution
		HideSolutionNode = FALSE
	EndGlobalSection
	GlobalSection(MonoDevelopProperties) = preSolution
		StartupItem = Assembly-CSharp.csproj
	EndGlobalSection
EndGlobal
